# This file is generated by running "yarn install" inside your project.
# Manual changes might be lost - proceed with caution!

__metadata:
  version: 4
  cacheKey: 7

"@types/chrome@npm:0.0.129":
  version: 0.0.129
  resolution: "@types/chrome@npm:0.0.129"
  dependencies:
    "@types/filesystem": "*"
    "@types/har-format": "*"
  checksum: cae489a3c9f2b8d927b9a4f68601abe58a55de5f25251c69b72fea9ad78836bd4e6a2ecf44f5210d14f86c7cc6eb89473014f86a48fa4743953b342285d66fd0
  languageName: node
  linkType: hard

"@types/filesystem@npm:*":
  version: 0.0.29
  resolution: "@types/filesystem@npm:0.0.29"
  dependencies:
    "@types/filewriter": "*"
  checksum: 890a5fbf33194bcf5e1bbb9ce39a1c538e264d2b665e7adc6ea5040b90166377523e75f9ea46503c3c06206115cf6ec3241fd4a29caf76a1d882fdab1bb92adb
  languageName: node
  linkType: hard

"@types/filewriter@npm:*":
  version: 0.0.28
  resolution: "@types/filewriter@npm:0.0.28"
  checksum: 6346ce6ccb9755609dfa85ae706a7578fb516d7ca6895c3d8879a348464e87f849fa1edbf423b6ff2f205a0c29029aef7bd3cf8b27a9185395114d59050d83f9
  languageName: node
  linkType: hard

"@types/har-format@npm:*":
  version: 1.2.5
  resolution: "@types/har-format@npm:1.2.5"
  checksum: 1dbaa1d7cddb2fa0ddf533e8ae7f20bca2116738274a1a1e9fe2863b6c26e668b59ac4dfdfb45450d5c374de689721647ca891aa342e239049f69d5de3604cd9
  languageName: node
  linkType: hard

"test-ts@workspace:.":
  version: 0.0.0-use.local
  resolution: "test-ts@workspace:."
  dependencies:
    "@types/chrome": 0.0.129
    typescript: ^4.1.4
  languageName: unknown
  linkType: soft

typescript@^4.1.4:
  version: 4.1.4
  resolution: "typescript@npm:4.1.4"
  bin:
    tsc: bin/tsc
    tsserver: bin/tsserver
  checksum: 2da55c253179d360bbc846436c42a5cbbffba99dfed69593450143b1c7f46fe43eab145b84a80f51d8e6d1be6dd4a6a0885e78495a42fc34c4a768595131e148
  languageName: node
  linkType: hard

"typescript@patch:typescript@^4.1.4#builtin<compat/typescript>":
  version: 4.1.4
  resolution: "typescript@patch:typescript@npm%3A4.1.4#builtin<compat/typescript>::version=4.1.4&hash=cc6730"
  bin:
    tsc: bin/tsc
    tsserver: bin/tsserver
  checksum: d913f9d92f15437627d35ec24bb28740c5f550843a0442977cb61be0973aa760d618b33f4426205ccff920442ed38256b7d4b48731cfb7084ce0977c07e35404
  languageName: node
  linkType: hard
